
Microsoft Visual Studio Solution File, Format Version 12.00
# Visual Studio Version 16
VisualStudioVersion = 16.0.29020.237
MinimumVisualStudioVersion = 10.0.40219.1
Project("{FAE04EC0-301F-11D3-BF4B-00C04F79EFBC}") = "ModelBinding", "ModelBinding\ModelBinding.csproj", "{933448F0-75BC-4166-9CD6-F9175B04AAAE}"
EndProject
Global
	GlobalSection(SolutionConfigurationPlatforms) = preSolution
		Debug|Any CPU = Debug|Any CPU
		Release|Any CPU = Release|Any CPU
	EndGlobalSection
	GlobalSection(ProjectConfigurationPlatforms) = postSolution
		{933448F0-75BC-4166-9CD6-F9175B04AAAE}.Debug|Any CPU.ActiveCfg = Debug|Any CPU
		{933448F0-75BC-4166-9CD6-F9175B04AAAE}.Debug|Any CPU.Build.0 = Debug|Any CPU
		{933448F0-75BC-4166-9CD6-F9175B04AAAE}.Release|Any CPU.ActiveCfg = Release|Any CPU
		{933448F0-75BC-4166-9CD6-F9175B04AAAE}.Release|Any CPU.Build.0 = Release|Any CPU
	EndGlobalSection
	GlobalSection(SolutionProperties) = preSolution
		HideSolutionNode = FALSE
	EndGlobalSection
	GlobalSection(ExtensibilityGlobals) = postSolution
		SolutionGuid = {6FD75776-8ADA-4EC3-B002-CE4FA2184116}
	EndGlobalSection
EndGlobal
